
Microsoft Visual Studio Solution File, Format Version 12.00
# Visual Studio Version 17
VisualStudioVersion = 17.3.32929.385
MinimumVisualStudioVersion = 10.0.40219.1
Project("{FAE04EC0-301F-11D3-BF4B-00C04F79EFBC}") = "ÖDEV1", "ÖDEV1\ÖDEV1.csproj", "{3928B59D-E4C7-4B90-8E18-B93C6D6D2F5C}"
EndProject
Global
	GlobalSection(SolutionConfigurationPlatforms) = preSolution
		Debug|Any CPU = Debug|Any CPU
		Release|Any CPU = Release|Any CPU
	EndGlobalSection
	GlobalSection(ProjectConfigurationPlatforms) = postSolution
		{3928B59D-E4C7-4B90-8E18-B93C6D6D2F5C}.Debug|Any CPU.ActiveCfg = Debug|Any CPU
		{3928B59D-E4C7-4B90-8E18-B93C6D6D2F5C}.Debug|Any CPU.Build.0 = Debug|Any CPU
		{3928B59D-E4C7-4B90-8E18-B93C6D6D2F5C}.Release|Any CPU.ActiveCfg = Release|Any CPU
		{3928B59D-E4C7-4B90-8E18-B93C6D6D2F5C}.Release|Any CPU.Build.0 = Release|Any CPU
	EndGlobalSection
	GlobalSection(SolutionProperties) = preSolution
		HideSolutionNode = FALSE
	EndGlobalSection
	GlobalSection(ExtensibilityGlobals) = postSolution
		SolutionGuid = {1A58A351-42AE-4E66-A401-EB1D8902C04F}
	EndGlobalSection
EndGlobal
